
Microsoft Visual Studio Solution File, Format Version 12.00
# Visual Studio Version 17
VisualStudioVersion = 17.8.34511.84
MinimumVisualStudioVersion = 10.0.40219.1
Project("{FAE04EC0-301F-11D3-BF4B-00C04F79EFBC}") = "WebAPIDemo", "WebAPIDemo.csproj", "{1D867C94-839C-49F0-8426-B1C0256C2B6F}"
EndProject
Global
	GlobalSection(SolutionConfigurationPlatforms) = preSolution
		Debug|Any CPU = Debug|Any CPU
		Release|Any CPU = Release|Any CPU
	EndGlobalSection
	GlobalSection(ProjectConfigurationPlatforms) = postSolution
		{1D867C94-839C-49F0-8426-B1C0256C2B6F}.Debug|Any CPU.ActiveCfg = Debug|Any CPU
		{1D867C94-839C-49F0-8426-B1C0256C2B6F}.Debug|Any CPU.Build.0 = Debug|Any CPU
		{1D867C94-839C-49F0-8426-B1C0256C2B6F}.Release|Any CPU.ActiveCfg = Release|Any CPU
		{1D867C94-839C-49F0-8426-B1C0256C2B6F}.Release|Any CPU.Build.0 = Release|Any CPU
	EndGlobalSection
	GlobalSection(SolutionProperties) = preSolution
		HideSolutionNode = FALSE
	EndGlobalSection
	GlobalSection(ExtensibilityGlobals) = postSolution
		SolutionGuid = {E56BF149-383F-49D7-9E60-07D5CEAA6A03}
	EndGlobalSection
EndGlobal
